// !$*UTF8*$!
{
	archiveVersion = 1;
	classes = {
	};
	objectVersion = 50;
	objects = {

/* Begin PBXBuildFile section */
		8110B27F2150303F002DDF71 /* AppDelegate.swift in Sources */ = {isa = PBXBuildFile; fileRef = 8110B27E2150303F002DDF71 /* AppDelegate.swift */; };
		8110B2812150303F002DDF71 /* HomeViewController.swift in Sources */ = {isa = PBXBuildFile; fileRef = 8110B2802150303F002DDF71 /* HomeViewController.swift */; };
		8110B2842150303F002DDF71 /* Main.storyboard in Resources */ = {isa = PBXBuildFile; fileRef = 8110B2822150303F002DDF71 /* Main.storyboard */; };
		8110B2872150303F002DDF71 /* FamMe.xcdatamodeld in Sources */ = {isa = PBXBuildFile; fileRef = 8110B2852150303F002DDF71 /* FamMe.xcdatamodeld */; };
		8110B28921503045002DDF71 /* Assets.xcassets in Resources */ = {isa = PBXBuildFile; fileRef = 8110B28821503045002DDF71 /* Assets.xcassets */; };
		8110B28C21503045002DDF71 /* LaunchScreen.storyboard in Resources */ = {isa = PBXBuildFile; fileRef = 8110B28A21503045002DDF71 /* LaunchScreen.storyboard */; };
		8110B29721503045002DDF71 /* FamMeTests.swift in Sources */ = {isa = PBXBuildFile; fileRef = 8110B29621503045002DDF71 /* FamMeTests.swift */; };
		8110B2A221503045002DDF71 /* FamMeUITests.swift in Sources */ = {isa = PBXBuildFile; fileRef = 8110B2A121503045002DDF71 /* FamMeUITests.swift */; };
		8110B2B121506C18002DDF71 /* Login.storyboard in Resources */ = {isa = PBXBuildFile; fileRef = 8110B2B021506C18002DDF71 /* Login.storyboard */; };
		81127C9821E3FE9500F8336E /* LoginViewController.swift in Sources */ = {isa = PBXBuildFile; fileRef = 81127C9721E3FE9500F8336E /* LoginViewController.swift */; };
		81127C9C21E4027E00F8336E /* User.swift in Sources */ = {isa = PBXBuildFile; fileRef = 81127C9B21E4027E00F8336E /* User.swift */; };
		81127C9E21E40BF300F8336E /* ChatLines.swift in Sources */ = {isa = PBXBuildFile; fileRef = 81127C9D21E40BF200F8336E /* ChatLines.swift */; };
		81D24259215AE1DF00D007CD /* CalendarViewController.swift in Sources */ = {isa = PBXBuildFile; fileRef = 81D24258215AE1DF00D007CD /* CalendarViewController.swift */; };
		81D2425B215AE3E100D007CD /* DateCollectionViewCell.swift in Sources */ = {isa = PBXBuildFile; fileRef = 81D2425A215AE3E100D007CD /* DateCollectionViewCell.swift */; };
		81D2425D215AE56100D007CD /* CalendarVars.swift in Sources */ = {isa = PBXBuildFile; fileRef = 81D2425C215AE56100D007CD /* CalendarVars.swift */; };
		81F688BE21C1B0C0009CBDB7 /* NetworkHelper.swift in Sources */ = {isa = PBXBuildFile; fileRef = 81F688BD21C1B0C0009CBDB7 /* NetworkHelper.swift */; };
		81F688C021C1BB25009CBDB7 /* HealthStore.swift in Sources */ = {isa = PBXBuildFile; fileRef = 81F688BF21C1BB25009CBDB7 /* HealthStore.swift */; };
		A5113A05AC21E8AA328354F7 /* Pods_FamMe.framework in Frameworks */ = {isa = PBXBuildFile; fileRef = E101E81C3D119045E8D8CBCE /* Pods_FamMe.framework */; };
		A821B15BACD2B0748E3DD1B4 /* Pods_FamMeTests.framework in Frameworks */ = {isa = PBXBuildFile; fileRef = 22E6C719E0E38723E036934F /* Pods_FamMeTests.framework */; };
		D0C1E9B2F3361A8FAC6CF92E /* Pods_FamMeUITests.framework in Frameworks */ = {isa = PBXBuildFile; fileRef = 6748451005AE3C6C06FC0000 /* Pods_FamMeUITests.framework */; };
/* End PBXBuildFile section */

/* Begin PBXContainerItemProxy section */
		8110B29321503045002DDF71 /* PBXContainerItemProxy */ = {
			isa = PBXContainerItemProxy;
			containerPortal = 8110B2732150303F002DDF71 /* Project object */;
			proxyType = 1;
			remoteGlobalIDString = 8110B27A2150303F002DDF71;
			remoteInfo = FamMe;
		};
		8110B29E21503045002DDF71 /* PBXContainerItemProxy */ = {
			isa = PBXContainerItemProxy;
			containerPortal = 8110B2732150303F002DDF71 /* Project object */;
			proxyType = 1;
			remoteGlobalIDString = 8110B27A2150303F002DDF71;
			remoteInfo = FamMe;
		};
/* End PBXContainerItemProxy section */

/* Begin PBXCopyFilesBuildPhase section */
		81127C9321DED87500F8336E /* Embed Frameworks */ = {
			isa = PBXCopyFilesBuildPhase;
			buildActionMask = 2147483647;
			dstPath = "";
			dstSubfolderSpec = 10;
			files = (
			);
			name = "Embed Frameworks";
			runOnlyForDeploymentPostprocessing = 0;
		};
/* End PBXCopyFilesBuildPhase section */

/* Begin PBXFileReference section */
		02E7D2AE756C2ABCEB6C4560 /* Pods-FamMeTests.debug.xcconfig */ = {isa = PBXFileReference; includeInIndex = 1; lastKnownFileType = text.xcconfig; name = "Pods-FamMeTests.debug.xcconfig"; path = "Pods/Target Support Files/Pods-FamMeTests/Pods-FamMeTests.debug.xcconfig"; sourceTree = "<group>"; };
		0D0C8DF11BCBA9BE9112A2E9 /* Pods-FamMeUITests.debug.xcconfig */ = {isa = PBXFileReference; includeInIndex = 1; lastKnownFileType = text.xcconfig; name = "Pods-FamMeUITests.debug.xcconfig"; path = "Pods/Target Support Files/Pods-FamMeUITests/Pods-FamMeUITests.debug.xcconfig"; sourceTree = "<group>"; };
		0E4198DD76ABD4E408226C97 /* Pods-FamMeTests.release.xcconfig */ = {isa = PBXFileReference; includeInIndex = 1; lastKnownFileType = text.xcconfig; name = "Pods-FamMeTests.release.xcconfig"; path = "Pods/Target Support Files/Pods-FamMeTests/Pods-FamMeTests.release.xcconfig"; sourceTree = "<group>"; };
		22E6C719E0E38723E036934F /* Pods_FamMeTests.framework */ = {isa = PBXFileReference; explicitFileType = wrapper.framework; includeInIndex = 0; path = Pods_FamMeTests.framework; sourceTree = BUILT_PRODUCTS_DIR; };
		6748451005AE3C6C06FC0000 /* Pods_FamMeUITests.framework */ = {isa = PBXFileReference; explicitFileType = wrapper.framework; includeInIndex = 0; path = Pods_FamMeUITests.framework; sourceTree = BUILT_PRODUCTS_DIR; };
		69AB103D838178E3424C6D78 /* Pods-FamMeUITests.release.xcconfig */ = {isa = PBXFileReference; includeInIndex = 1; lastKnownFileType = text.xcconfig; name = "Pods-FamMeUITests.release.xcconfig"; path = "Pods/Target Support Files/Pods-FamMeUITests/Pods-FamMeUITests.release.xcconfig"; sourceTree = "<group>"; };
		8110B27B2150303F002DDF71 /* FamMe.app */ = {isa = PBXFileReference; explicitFileType = wrapper.application; includeInIndex = 0; path = FamMe.app; sourceTree = BUILT_PRODUCTS_DIR; };
		8110B27E2150303F002DDF71 /* AppDelegate.swift */ = {isa = PBXFileReference; lastKnownFileType = sourcecode.swift; path = AppDelegate.swift; sourceTree = "<group>"; };
		8110B2802150303F002DDF71 /* HomeViewController.swift */ = {isa = PBXFileReference; lastKnownFileType = sourcecode.swift; path = HomeViewController.swift; sourceTree = "<group>"; };
		8110B2832150303F002DDF71 /* Base */ = {isa = PBXFileReference; lastKnownFileType = file.storyboard; name = Base; path = Base.lproj/Main.storyboard; sourceTree = "<group>"; };
		8110B2862150303F002DDF71 /* FamMe.xcdatamodel */ = {isa = PBXFileReference; lastKnownFileType = wrapper.xcdatamodel; path = FamMe.xcdatamodel; sourceTree = "<group>"; };
		8110B28821503045002DDF71 /* Assets.xcassets */ = {isa = PBXFileReference; lastKnownFileType = folder.assetcatalog; path = Assets.xcassets; sourceTree = "<group>"; };
		8110B28B21503045002DDF71 /* Base */ = {isa = PBXFileReference; lastKnownFileType = file.storyboard; name = Base; path = Base.lproj/LaunchScreen.storyboard; sourceTree = "<group>"; };
		8110B28D21503045002DDF71 /* Info.plist */ = {isa = PBXFileReference; lastKnownFileType = text.plist.xml; path = Info.plist; sourceTree = "<group>"; };
		8110B29221503045002DDF71 /* FamMeTests.xctest */ = {isa = PBXFileReference; explicitFileType = wrapper.cfbundle; includeInIndex = 0; path = FamMeTests.xctest; sourceTree = BUILT_PRODUCTS_DIR; };
		8110B29621503045002DDF71 /* FamMeTests.swift */ = {isa = PBXFileReference; lastKnownFileType = sourcecode.swift; path = FamMeTests.swift; sourceTree = "<group>"; };
		8110B29821503045002DDF71 /* Info.plist */ = {isa = PBXFileReference; lastKnownFileType = text.plist.xml; path = Info.plist; sourceTree = "<group>"; };
		8110B29D21503045002DDF71 /* FamMeUITests.xctest */ = {isa = PBXFileReference; explicitFileType = wrapper.cfbundle; includeInIndex = 0; path = FamMeUITests.xctest; sourceTree = BUILT_PRODUCTS_DIR; };
		8110B2A121503045002DDF71 /* FamMeUITests.swift */ = {isa = PBXFileReference; lastKnownFileType = sourcecode.swift; path = FamMeUITests.swift; sourceTree = "<group>"; };
		8110B2A321503045002DDF71 /* Info.plist */ = {isa = PBXFileReference; lastKnownFileType = text.plist.xml; path = Info.plist; sourceTree = "<group>"; };
		8110B2B021506C18002DDF71 /* Login.storyboard */ = {isa = PBXFileReference; lastKnownFileType = file.storyboard; path = Login.storyboard; sourceTree = "<group>"; };
		81127C9721E3FE9500F8336E /* LoginViewController.swift */ = {isa = PBXFileReference; lastKnownFileType = sourcecode.swift; path = LoginViewController.swift; sourceTree = "<group>"; };
		81127C9B21E4027E00F8336E /* User.swift */ = {isa = PBXFileReference; lastKnownFileType = sourcecode.swift; path = User.swift; sourceTree = "<group>"; };
		81127C9D21E40BF200F8336E /* ChatLines.swift */ = {isa = PBXFileReference; lastKnownFileType = sourcecode.swift; path = ChatLines.swift; sourceTree = "<group>"; };
		81D24258215AE1DF00D007CD /* CalendarViewController.swift */ = {isa = PBXFileReference; lastKnownFileType = sourcecode.swift; path = CalendarViewController.swift; sourceTree = "<group>"; };
		81D2425A215AE3E100D007CD /* DateCollectionViewCell.swift */ = {isa = PBXFileReference; lastKnownFileType = sourcecode.swift; path = DateCollectionViewCell.swift; sourceTree = "<group>"; };
		81D2425C215AE56100D007CD /* CalendarVars.swift */ = {isa = PBXFileReference; lastKnownFileType = sourcecode.swift; path = CalendarVars.swift; sourceTree = "<group>"; };
		81F688BD21C1B0C0009CBDB7 /* NetworkHelper.swift */ = {isa = PBXFileReference; lastKnownFileType = sourcecode.swift; path = NetworkHelper.swift; sourceTree = "<group>"; };
		81F688BF21C1BB25009CBDB7 /* HealthStore.swift */ = {isa = PBXFileReference; lastKnownFileType = sourcecode.swift; path = HealthStore.swift; sourceTree = "<group>"; };
		AB6E6D6B0E52C862E69E3BCE /* Pods-FamMe.release.xcconfig */ = {isa = PBXFileReference; includeInIndex = 1; lastKnownFileType = text.xcconfig; name = "Pods-FamMe.release.xcconfig"; path = "Pods/Target Support Files/Pods-FamMe/Pods-FamMe.release.xcconfig"; sourceTree = "<group>"; };
		C29902180CEE9249432A1C55 /* Pods-FamMe.debug.xcconfig */ = {isa = PBXFileReference; includeInIndex = 1; lastKnownFileType = text.xcconfig; name = "Pods-FamMe.debug.xcconfig"; path = "Pods/Target Support Files/Pods-FamMe/Pods-FamMe.debug.xcconfig"; sourceTree = "<group>"; };
		E101E81C3D119045E8D8CBCE /* Pods_FamMe.framework */ = {isa = PBXFileReference; explicitFileType = wrapper.framework; includeInIndex = 0; path = Pods_FamMe.framework; sourceTree = BUILT_PRODUCTS_DIR; };
/* End PBXFileReference section */

/* Begin PBXFrameworksBuildPhase section */
		8110B2782150303F002DDF71 /* Frameworks */ = {
			isa = PBXFrameworksBuildPhase;
			buildActionMask = 2147483647;
			files = (
				A5113A05AC21E8AA328354F7 /* Pods_FamMe.framework in Frameworks */,
			);
			runOnlyForDeploymentPostprocessing = 0;
		};
		8110B28F21503045002DDF71 /* Frameworks */ = {
			isa = PBXFrameworksBuildPhase;
			buildActionMask = 2147483647;
			files = (
				A821B15BACD2B0748E3DD1B4 /* Pods_FamMeTests.framework in Frameworks */,
			);
			runOnlyForDeploymentPostprocessing = 0;
		};
		8110B29A21503045002DDF71 /* Frameworks */ = {
			isa = PBXFrameworksBuildPhase;
			buildActionMask = 2147483647;
			files = (
				D0C1E9B2F3361A8FAC6CF92E /* Pods_FamMeUITests.framework in Frameworks */,
			);
			runOnlyForDeploymentPostprocessing = 0;
		};
/* End PBXFrameworksBuildPhase section */

/* Begin PBXGroup section */
		2E97EF43CCFB9FC4AA42CEF5 /* Frameworks */ = {
			isa = PBXGroup;
			children = (
				E101E81C3D119045E8D8CBCE /* Pods_FamMe.framework */,
				22E6C719E0E38723E036934F /* Pods_FamMeTests.framework */,
				6748451005AE3C6C06FC0000 /* Pods_FamMeUITests.framework */,
			);
			name = Frameworks;
			sourceTree = "<group>";
		};
		8110B2722150303F002DDF71 = {
			isa = PBXGroup;
			children = (
				8110B27D2150303F002DDF71 /* FamMe */,
				8110B29521503045002DDF71 /* FamMeTests */,
				8110B2A021503045002DDF71 /* FamMeUITests */,
				8110B27C2150303F002DDF71 /* Products */,
				F01F594B22B22CF6EBAE7CCC /* Pods */,
				2E97EF43CCFB9FC4AA42CEF5 /* Frameworks */,
			);
			sourceTree = "<group>";
		};
		8110B27C2150303F002DDF71 /* Products */ = {
			isa = PBXGroup;
			children = (
				8110B27B2150303F002DDF71 /* FamMe.app */,
				8110B29221503045002DDF71 /* FamMeTests.xctest */,
				8110B29D21503045002DDF71 /* FamMeUITests.xctest */,
			);
			name = Products;
			sourceTree = "<group>";
		};
		8110B27D2150303F002DDF71 /* FamMe */ = {
			isa = PBXGroup;
			children = (
				8110B2AF21506BEF002DDF71 /* Supporting FIles */,
				81127C9921E4024100F8336E /* View Controllers */,
				81D2425C215AE56100D007CD /* CalendarVars.swift */,
				81D2425A215AE3E100D007CD /* DateCollectionViewCell.swift */,
				81127C9A21E4025500F8336E /* Story Boards */,
				81F688BD21C1B0C0009CBDB7 /* NetworkHelper.swift */,
				81F688BF21C1BB25009CBDB7 /* HealthStore.swift */,
				81127C9B21E4027E00F8336E /* User.swift */,
				81127C9D21E40BF200F8336E /* ChatLines.swift */,
				8110B28821503045002DDF71 /* Assets.xcassets */,
				8110B28D21503045002DDF71 /* Info.plist */,
				8110B2852150303F002DDF71 /* FamMe.xcdatamodeld */,
			);
			path = FamMe;
			sourceTree = "<group>";
		};
		8110B29521503045002DDF71 /* FamMeTests */ = {
			isa = PBXGroup;
			children = (
				8110B29621503045002DDF71 /* FamMeTests.swift */,
				8110B29821503045002DDF71 /* Info.plist */,
			);
			path = FamMeTests;
			sourceTree = "<group>";
		};
		8110B2A021503045002DDF71 /* FamMeUITests */ = {
			isa = PBXGroup;
			children = (
				8110B2A121503045002DDF71 /* FamMeUITests.swift */,
				8110B2A321503045002DDF71 /* Info.plist */,
			);
			path = FamMeUITests;
			sourceTree = "<group>";
		};
		8110B2AF21506BEF002DDF71 /* Supporting FIles */ = {
			isa = PBXGroup;
			children = (
				8110B27E2150303F002DDF71 /* AppDelegate.swift */,
				8110B28A21503045002DDF71 /* LaunchScreen.storyboard */,
			);
			path = "Supporting FIles";
			sourceTree = "<group>";
		};
		81127C9921E4024100F8336E /* View Controllers */ = {
			isa = PBXGroup;
			children = (
				8110B2802150303F002DDF71 /* HomeViewController.swift */,
				81D24258215AE1DF00D007CD /* CalendarViewController.swift */,
				81127C9721E3FE9500F8336E /* LoginViewController.swift */,
			);
			path = "View Controllers";
			sourceTree = "<group>";
		};
		81127C9A21E4025500F8336E /* Story Boards */ = {
			isa = PBXGroup;
			children = (
				8110B2822150303F002DDF71 /* Main.storyboard */,
				8110B2B021506C18002DDF71 /* Login.storyboard */,
			);
			path = "Story Boards";
			sourceTree = "<group>";
		};
		F01F594B22B22CF6EBAE7CCC /* Pods */ = {
			isa = PBXGroup;
			children = (
				C29902180CEE9249432A1C55 /* Pods-FamMe.debug.xcconfig */,
				AB6E6D6B0E52C862E69E3BCE /* Pods-FamMe.release.xcconfig */,
				02E7D2AE756C2ABCEB6C4560 /* Pods-FamMeTests.debug.xcconfig */,
				0E4198DD76ABD4E408226C97 /* Pods-FamMeTests.release.xcconfig */,
				0D0C8DF11BCBA9BE9112A2E9 /* Pods-FamMeUITests.debug.xcconfig */,
				69AB103D838178E3424C6D78 /* Pods-FamMeUITests.release.xcconfig */,
			);
			name = Pods;
			sourceTree = "<group>";
		};
/* End PBXGroup section */

/* Begin PBXNativeTarget section */
		8110B27A2150303F002DDF71 /* FamMe */ = {
			isa = PBXNativeTarget;
			buildConfigurationList = 8110B2A621503045002DDF71 /* Build configuration list for PBXNativeTarget "FamMe" */;
			buildPhases = (
				7E226B379C1DE325168885FC /* [CP] Check Pods Manifest.lock */,
				8110B2772150303F002DDF71 /* Sources */,
				8110B2782150303F002DDF71 /* Frameworks */,
				8110B2792150303F002DDF71 /* Resources */,
				81127C9321DED87500F8336E /* Embed Frameworks */,
				4EEC4658E02015C85DBB0C90 /* [CP] Embed Pods Frameworks */,
			);
			buildRules = (
			);
			dependencies = (
			);
			name = FamMe;
			productName = FamMe;
			productReference = 8110B27B2150303F002DDF71 /* FamMe.app */;
			productType = "com.apple.product-type.application";
		};
		8110B29121503045002DDF71 /* FamMeTests */ = {
			isa = PBXNativeTarget;
			buildConfigurationList = 8110B2A921503045002DDF71 /* Build configuration list for PBXNativeTarget "FamMeTests" */;
			buildPhases = (
				AEA54F86341E73380F9D4212 /* [CP] Check Pods Manifest.lock */,
				8110B28E21503045002DDF71 /* Sources */,
				8110B28F21503045002DDF71 /* Frameworks */,
				8110B29021503045002DDF71 /* Resources */,
			);
			buildRules = (
			);
			dependencies = (
				8110B29421503045002DDF71 /* PBXTargetDependency */,
			);
			name = FamMeTests;
			productName = FamMeTests;
			productReference = 8110B29221503045002DDF71 /* FamMeTests.xctest */;
			productType = "com.apple.product-type.bundle.unit-test";
		};
		8110B29C21503045002DDF71 /* FamMeUITests */ = {
			isa = PBXNativeTarget;
			buildConfigurationList = 8110B2AC21503045002DDF71 /* Build configuration list for PBXNativeTarget "FamMeUITests" */;
			buildPhases = (
				9475D78DD992011125ACA58B /* [CP] Check Pods Manifest.lock */,
				8110B29921503045002DDF71 /* Sources */,
				8110B29A21503045002DDF71 /* Frameworks */,
				8110B29B21503045002DDF71 /* Resources */,
			);
			buildRules = (
			);
			dependencies = (
				8110B29F21503045002DDF71 /* PBXTargetDependency */,
			);
			name = FamMeUITests;
			productName = FamMeUITests;
			productReference = 8110B29D21503045002DDF71 /* FamMeUITests.xctest */;
			productType = "com.apple.product-type.bundle.ui-testing";
		};
/* End PBXNativeTarget section */

/* Begin PBXProject section */
		8110B2732150303F002DDF71 /* Project object */ = {
			isa = PBXProject;
			attributes = {
				LastSwiftUpdateCheck = 0940;
				LastUpgradeCheck = 0940;
				ORGANIZATIONNAME = C4Q;
				TargetAttributes = {
					8110B27A2150303F002DDF71 = {
						CreatedOnToolsVersion = 9.4.1;
					};
					8110B29121503045002DDF71 = {
						CreatedOnToolsVersion = 9.4.1;
						TestTargetID = 8110B27A2150303F002DDF71;
					};
					8110B29C21503045002DDF71 = {
						CreatedOnToolsVersion = 9.4.1;
						TestTargetID = 8110B27A2150303F002DDF71;
					};
				};
			};
			buildConfigurationList = 8110B2762150303F002DDF71 /* Build configuration list for PBXProject "FamMe" */;
			compatibilityVersion = "Xcode 9.3";
			developmentRegion = en;
			hasScannedForEncodings = 0;
			knownRegions = (
				en,
				Base,
			);
			mainGroup = 8110B2722150303F002DDF71;
			productRefGroup = 8110B27C2150303F002DDF71 /* Products */;
			projectDirPath = "";
			projectRoot = "";
			targets = (
				8110B27A2150303F002DDF71 /* FamMe */,
				8110B29121503045002DDF71 /* FamMeTests */,
				8110B29C21503045002DDF71 /* FamMeUITests */,
			);
		};
/* End PBXProject section */

/* Begin PBXResourcesBuildPhase section */
		8110B2792150303F002DDF71 /* Resources */ = {
			isa = PBXResourcesBuildPhase;
			buildActionMask = 2147483647;
			files = (
				8110B2B121506C18002DDF71 /* Login.storyboard in Resources */,
				8110B28C21503045002DDF71 /* LaunchScreen.storyboard in Resources */,
				8110B28921503045002DDF71 /* Assets.xcassets in Resources */,
				8110B2842150303F002DDF71 /* Main.storyboard in Resources */,
			);
			runOnlyForDeploymentPostprocessing = 0;
		};
		8110B29021503045002DDF71 /* Resources */ = {
			isa = PBXResourcesBuildPhase;
			buildActionMask = 2147483647;
			files = (
			);
			runOnlyForDeploymentPostprocessing = 0;
		};
		8110B29B21503045002DDF71 /* Resources */ = {
			isa = PBXResourcesBuildPhase;
			buildActionMask = 2147483647;
			files = (
			);
			runOnlyForDeploymentPostprocessing = 0;
		};
/* End PBXResourcesBuildPhase section */

/* Begin PBXShellScriptBuildPhase section */
		4EEC4658E02015C85DBB0C90 /* [CP] Embed Pods Frameworks */ = {
			isa = PBXShellScriptBuildPhase;
			buildActionMask = 2147483647;
			files = (
			);
			inputPaths = (
				"${SRCROOT}/Pods/Target Support Files/Pods-FamMe/Pods-FamMe-frameworks.sh",
				"${BUILT_PRODUCTS_DIR}/Realm/Realm.framework",
				"${BUILT_PRODUCTS_DIR}/RealmSwift/RealmSwift.framework",
			);
			name = "[CP] Embed Pods Frameworks";
			outputPaths = (
				"${TARGET_BUILD_DIR}/${FRAMEWORKS_FOLDER_PATH}/Realm.framework",
				"${TARGET_BUILD_DIR}/${FRAMEWORKS_FOLDER_PATH}/RealmSwift.framework",
			);
			runOnlyForDeploymentPostprocessing = 0;
			shellPath = /bin/sh;
			shellScript = "\"${SRCROOT}/Pods/Target Support Files/Pods-FamMe/Pods-FamMe-frameworks.sh\"\n";
			showEnvVarsInLog = 0;
		};
		7E226B379C1DE325168885FC /* [CP] Check Pods Manifest.lock */ = {
			isa = PBXShellScriptBuildPhase;
			buildActionMask = 2147483647;
			files = (
			);
			inputPaths = (
				"${PODS_PODFILE_DIR_PATH}/Podfile.lock",
				"${PODS_ROOT}/Manifest.lock",
			);
			name = "[CP] Check Pods Manifest.lock";
			outputPaths = (
				"$(DERIVED_FILE_DIR)/Pods-FamMe-checkManifestLockResult.txt",
			);
			runOnlyForDeploymentPostprocessing = 0;
			shellPath = /bin/sh;
			shellScript = "diff \"${PODS_PODFILE_DIR_PATH}/Podfile.lock\" \"${PODS_ROOT}/Manifest.lock\" > /dev/null\nif [ $? != 0 ] ; then\n    # print error to STDERR\n    echo \"error: The sandbox is not in sync with the Podfile.lock. Run 'pod install' or update your CocoaPods installation.\" >&2\n    exit 1\nfi\n# This output is used by Xcode 'outputs' to avoid re-running this script phase.\necho \"SUCCESS\" > \"${SCRIPT_OUTPUT_FILE_0}\"\n";
			showEnvVarsInLog = 0;
		};
		9475D78DD992011125ACA58B /* [CP] Check Pods Manifest.lock */ = {
			isa = PBXShellScriptBuildPhase;
			buildActionMask = 2147483647;
			files = (
			);
			inputPaths = (
				"${PODS_PODFILE_DIR_PATH}/Podfile.lock",
				"${PODS_ROOT}/Manifest.lock",
			);
			name = "[CP] Check Pods Manifest.lock";
			outputPaths = (
				"$(DERIVED_FILE_DIR)/Pods-FamMeUITests-checkManifestLockResult.txt",
			);
			runOnlyForDeploymentPostprocessing = 0;
			shellPath = /bin/sh;
			shellScript = "diff \"${PODS_PODFILE_DIR_PATH}/Podfile.lock\" \"${PODS_ROOT}/Manifest.lock\" > /dev/null\nif [ $? != 0 ] ; then\n    # print error to STDERR\n    echo \"error: The sandbox is not in sync with the Podfile.lock. Run 'pod install' or update your CocoaPods installation.\" >&2\n    exit 1\nfi\n# This output is used by Xcode 'outputs' to avoid re-running this script phase.\necho \"SUCCESS\" > \"${SCRIPT_OUTPUT_FILE_0}\"\n";
			showEnvVarsInLog = 0;
		};
		AEA54F86341E73380F9D4212 /* [CP] Check Pods Manifest.lock */ = {
			isa = PBXShellScriptBuildPhase;
			buildActionMask = 2147483647;
			files = (
			);
			inputPaths = (
				"${PODS_PODFILE_DIR_PATH}/Podfile.lock",
				"${PODS_ROOT}/Manifest.lock",
			);
			name = "[CP] Check Pods Manifest.lock";
			outputPaths = (
				"$(DERIVED_FILE_DIR)/Pods-FamMeTests-checkManifestLockResult.txt",
			);
			runOnlyForDeploymentPostprocessing = 0;
			shellPath = /bin/sh;
			shellScript = "diff \"${PODS_PODFILE_DIR_PATH}/Podfile.lock\" \"${PODS_ROOT}/Manifest.lock\" > /dev/null\nif [ $? != 0 ] ; then\n    # print error to STDERR\n    echo \"error: The sandbox is not in sync with the Podfile.lock. Run 'pod install' or update your CocoaPods installation.\" >&2\n    exit 1\nfi\n# This output is used by Xcode 'outputs' to avoid re-running this script phase.\necho \"SUCCESS\" > \"${SCRIPT_OUTPUT_FILE_0}\"\n";
			showEnvVarsInLog = 0;
		};
/* End PBXShellScriptBuildPhase section */

/* Begin PBXSourcesBuildPhase section */
		8110B2772150303F002DDF71 /* Sources */ = {
			isa = PBXSourcesBuildPhase;
			buildActionMask = 2147483647;
			files = (
				81127C9E21E40BF300F8336E /* ChatLines.swift in Sources */,
				81127C9821E3FE9500F8336E /* LoginViewController.swift in Sources */,
				81D24259215AE1DF00D007CD /* CalendarViewController.swift in Sources */,
				8110B2812150303F002DDF71 /* HomeViewController.swift in Sources */,
				81F688BE21C1B0C0009CBDB7 /* NetworkHelper.swift in Sources */,
				8110B27F2150303F002DDF71 /* AppDelegate.swift in Sources */,
				81D2425D215AE56100D007CD /* CalendarVars.swift in Sources */,
				8110B2872150303F002DDF71 /* FamMe.xcdatamodeld in Sources */,
				81D2425B215AE3E100D007CD /* DateCollectionViewCell.swift in Sources */,
				81127C9C21E4027E00F8336E /* User.swift in Sources */,
				81F688C021C1BB25009CBDB7 /* HealthStore.swift in Sources */,
			);
			runOnlyForDeploymentPostprocessing = 0;
		};
		8110B28E21503045002DDF71 /* Sources */ = {
			isa = PBXSourcesBuildPhase;
			buildActionMask = 2147483647;
			files = (
				8110B29721503045002DDF71 /* FamMeTests.swift in Sources */,
			);
			runOnlyForDeploymentPostprocessing = 0;
		};
		8110B29921503045002DDF71 /* Sources */ = {
			isa = PBXSourcesBuildPhase;
			buildActionMask = 2147483647;
			files = (
				8110B2A221503045002DDF71 /* FamMeUITests.swift in Sources */,
			);
			runOnlyForDeploymentPostprocessing = 0;
		};
/* End PBXSourcesBuildPhase section */

/* Begin PBXTargetDependency section */
		8110B29421503045002DDF71 /* PBXTargetDependency */ = {
			isa = PBXTargetDependency;
			target = 8110B27A2150303F002DDF71 /* FamMe */;
			targetProxy = 8110B29321503045002DDF71 /* PBXContainerItemProxy */;
		};
		8110B29F21503045002DDF71 /* PBXTargetDependency */ = {
			isa = PBXTargetDependency;
			target = 8110B27A2150303F002DDF71 /* FamMe */;
			targetProxy = 8110B29E21503045002DDF71 /* PBXContainerItemProxy */;
		};
/* End PBXTargetDependency section */

/* Begin PBXVariantGroup section */
		8110B2822150303F002DDF71 /* Main.storyboard */ = {
			isa = PBXVariantGroup;
			children = (
				8110B2832150303F002DDF71 /* Base */,
			);
			name = Main.storyboard;
			sourceTree = "<group>";
		};
		8110B28A21503045002DDF71 /* LaunchScreen.storyboard */ = {
			isa = PBXVariantGroup;
			children = (
				8110B28B21503045002DDF71 /* Base */,
			);
			name = LaunchScreen.storyboard;
			sourceTree = "<group>";
		};
/* End PBXVariantGroup section */

/* Begin XCBuildConfiguration section */
		8110B2A421503045002DDF71 /* Debug */ = {
			isa = XCBuildConfiguration;
			buildSettings = {
				ALWAYS_SEARCH_USER_PATHS = NO;
				CLANG_ANALYZER_NONNULL = YES;
				CLANG_ANALYZER_NUMBER_OBJECT_CONVERSION = YES_AGGRESSIVE;
				CLANG_CXX_LANGUAGE_STANDARD = "gnu++14";
				CLANG_CXX_LIBRARY = "libc++";
				CLANG_ENABLE_MODULES = YES;
				CLANG_ENABLE_OBJC_ARC = YES;
				CLANG_ENABLE_OBJC_WEAK = YES;
				CLANG_WARN_BLOCK_CAPTURE_AUTORELEASING = YES;
				CLANG_WARN_BOOL_CONVERSION = YES;
				CLANG_WARN_COMMA = YES;
				CLANG_WARN_CONSTANT_CONVERSION = YES;
				CLANG_WARN_DEPRECATED_OBJC_IMPLEMENTATIONS = YES;
				CLANG_WARN_DIRECT_OBJC_ISA_USAGE = YES_ERROR;
				CLANG_WARN_DOCUMENTATION_COMMENTS = YES;
				CLANG_WARN_EMPTY_BODY = YES;
				CLANG_WARN_ENUM_CONVERSION = YES;
				CLANG_WARN_INFINITE_RECURSION = YES;
				CLANG_WARN_INT_CONVERSION = YES;
				CLANG_WARN_NON_LITERAL_NULL_CONVERSION = YES;
				CLANG_WARN_OBJC_IMPLICIT_RETAIN_SELF = YES;
				CLANG_WARN_OBJC_LITERAL_CONVERSION = YES;
				CLANG_WARN_OBJC_ROOT_CLASS = YES_ERROR;
				CLANG_WARN_RANGE_LOOP_ANALYSIS = YES;
				CLANG_WARN_STRICT_PROTOTYPES = YES;
				CLANG_WARN_SUSPICIOUS_MOVE = YES;
				CLANG_WARN_UNGUARDED_AVAILABILITY = YES_AGGRESSIVE;
				CLANG_WARN_UNREACHABLE_CODE = YES;
				CLANG_WARN__DUPLICATE_METHOD_MATCH = YES;
				CODE_SIGN_IDENTITY = "iPhone Developer";
				COPY_PHASE_STRIP = NO;
				DEBUG_INFORMATION_FORMAT = dwarf;
				ENABLE_STRICT_OBJC_MSGSEND = YES;
				ENABLE_TESTABILITY = YES;
				GCC_C_LANGUAGE_STANDARD = gnu11;
				GCC_DYNAMIC_NO_PIC = NO;
				GCC_NO_COMMON_BLOCKS = YES;
				GCC_OPTIMIZATION_LEVEL = 0;
				GCC_PREPROCESSOR_DEFINITIONS = (
					"DEBUG=1",
					"$(inherited)",
				);
				GCC_WARN_64_TO_32_BIT_CONVERSION = YES;
				GCC_WARN_ABOUT_RETURN_TYPE = YES_ERROR;
				GCC_WARN_UNDECLARED_SELECTOR = YES;
				GCC_WARN_UNINITIALIZED_AUTOS = YES_AGGRESSIVE;
				GCC_WARN_UNUSED_FUNCTION = YES;
				GCC_WARN_UNUSED_VARIABLE = YES;
				IPHONEOS_DEPLOYMENT_TARGET = 11.4;
				MTL_ENABLE_DEBUG_INFO = YES;
				ONLY_ACTIVE_ARCH = YES;
				SDKROOT = iphoneos;
				SWIFT_ACTIVE_COMPILATION_CONDITIONS = DEBUG;
				SWIFT_OPTIMIZATION_LEVEL = "-Onone";
			};
			name = Debug;
		};
		8110B2A521503045002DDF71 /* Release */ = {
			isa = XCBuildConfiguration;
			buildSettings = {
				ALWAYS_SEARCH_USER_PATHS = NO;
				CLANG_ANALYZER_NONNULL = YES;
				CLANG_ANALYZER_NUMBER_OBJECT_CONVERSION = YES_AGGRESSIVE;
				CLANG_CXX_LANGUAGE_STANDARD = "gnu++14";
				CLANG_CXX_LIBRARY = "libc++";
				CLANG_ENABLE_MODULES = YES;
				CLANG_ENABLE_OBJC_ARC = YES;
				CLANG_ENABLE_OBJC_WEAK = YES;
				CLANG_WARN_BLOCK_CAPTURE_AUTORELEASING = YES;
				CLANG_WARN_BOOL_CONVERSION = YES;
				CLANG_WARN_COMMA = YES;
				CLANG_WARN_CONSTANT_CONVERSION = YES;
				CLANG_WARN_DEPRECATED_OBJC_IMPLEMENTATIONS = YES;
				CLANG_WARN_DIRECT_OBJC_ISA_USAGE = YES_ERROR;
				CLANG_WARN_DOCUMENTATION_COMMENTS = YES;
				CLANG_WARN_EMPTY_BODY = YES;
				CLANG_WARN_ENUM_CONVERSION = YES;
				CLANG_WARN_INFINITE_RECURSION = YES;
				CLANG_WARN_INT_CONVERSION = YES;
				CLANG_WARN_NON_LITERAL_NULL_CONVERSION = YES;
				CLANG_WARN_OBJC_IMPLICIT_RETAIN_SELF = YES;
				CLANG_WARN_OBJC_LITERAL_CONVERSION = YES;
				CLANG_WARN_OBJC_ROOT_CLASS = YES_ERROR;
				CLANG_WARN_RANGE_LOOP_ANALYSIS = YES;
				CLANG_WARN_STRICT_PROTOTYPES = YES;
				CLANG_WARN_SUSPICIOUS_MOVE = YES;
				CLANG_WARN_UNGUARDED_AVAILABILITY = YES_AGGRESSIVE;
				CLANG_WARN_UNREACHABLE_CODE = YES;
				CLANG_WARN__DUPLICATE_METHOD_MATCH = YES;
				CODE_SIGN_IDENTITY = "iPhone Developer";
				COPY_PHASE_STRIP = NO;
				DEBUG_INFORMATION_FORMAT = "dwarf-with-dsym";
				ENABLE_NS_ASSERTIONS = NO;
				ENABLE_STRICT_OBJC_MSGSEND = YES;
				GCC_C_LANGUAGE_STANDARD = gnu11;
				GCC_NO_COMMON_BLOCKS = YES;
				GCC_WARN_64_TO_32_BIT_CONVERSION = YES;
				GCC_WARN_ABOUT_RETURN_TYPE = YES_ERROR;
				GCC_WARN_UNDECLARED_SELECTOR = YES;
				GCC_WARN_UNINITIALIZED_AUTOS = YES_AGGRESSIVE;
				GCC_WARN_UNUSED_FUNCTION = YES;
				GCC_WARN_UNUSED_VARIABLE = YES;
				IPHONEOS_DEPLOYMENT_TARGET = 11.4;
				MTL_ENABLE_DEBUG_INFO = NO;
				SDKROOT = iphoneos;
				SWIFT_COMPILATION_MODE = wholemodule;
				SWIFT_OPTIMIZATION_LEVEL = "-O";
				VALIDATE_PRODUCT = YES;
			};
			name = Release;
		};
		8110B2A721503045002DDF71 /* Debug */ = {
			isa = XCBuildConfiguration;
			baseConfigurationReference = C29902180CEE9249432A1C55 /* Pods-FamMe.debug.xcconfig */;
			buildSettings = {
				ASSETCATALOG_COMPILER_APPICON_NAME = AppIcon;
				CODE_SIGN_STYLE = Automatic;
				FRAMEWORK_SEARCH_PATHS = (
					"$(inherited)",
					"$(PROJECT_DIR)",
				);
				INFOPLIST_FILE = FamMe/Info.plist;
				LD_RUNPATH_SEARCH_PATHS = (
					"$(inherited)",
					"@executable_path/Frameworks",
				);
				PRODUCT_BUNDLE_IDENTIFIER = nyc.c4q.nyc.FamMe;
				PRODUCT_NAME = "$(TARGET_NAME)";
				SWIFT_VERSION = 4.0;
				TARGETED_DEVICE_FAMILY = "1,2";
			};
			name = Debug;
		};
		8110B2A821503045002DDF71 /* Release */ = {
			isa = XCBuildConfiguration;
			baseConfigurationReference = AB6E6D6B0E52C862E69E3BCE /* Pods-FamMe.release.xcconfig */;
			buildSettings = {
				ASSETCATALOG_COMPILER_APPICON_NAME = AppIcon;
				CODE_SIGN_STYLE = Automatic;
				FRAMEWORK_SEARCH_PATHS = (
					"$(inherited)",
					"$(PROJECT_DIR)",
				);
				INFOPLIST_FILE = FamMe/Info.plist;
				LD_RUNPATH_SEARCH_PATHS = (
					"$(inherited)",
					"@executable_path/Frameworks",
				);
				PRODUCT_BUNDLE_IDENTIFIER = nyc.c4q.nyc.FamMe;
				PRODUCT_NAME = "$(TARGET_NAME)";
				SWIFT_VERSION = 4.0;
				TARGETED_DEVICE_FAMILY = "1,2";
			};
			name = Release;
		};
		8110B2AA21503045002DDF71 /* Debug */ = {
			isa = XCBuildConfiguration;
			baseConfigurationReference = 02E7D2AE756C2ABCEB6C4560 /* Pods-FamMeTests.debug.xcconfig */;
			buildSettings = {
				ALWAYS_EMBED_SWIFT_STANDARD_LIBRARIES = YES;
				BUNDLE_LOADER = "$(TEST_HOST)";
				CODE_SIGN_STYLE = Automatic;
				INFOPLIST_FILE = FamMeTests/Info.plist;
				LD_RUNPATH_SEARCH_PATHS = (
					"$(inherited)",
					"@executable_path/Frameworks",
					"@loader_path/Frameworks",
				);
				PRODUCT_BUNDLE_IDENTIFIER = nyc.c4q.nyc.FamMeTests;
				PRODUCT_NAME = "$(TARGET_NAME)";
				SWIFT_VERSION = 4.0;
				TARGETED_DEVICE_FAMILY = "1,2";
				TEST_HOST = "$(BUILT_PRODUCTS_DIR)/FamMe.app/FamMe";
			};
			name = Debug;
		};
		8110B2AB21503045002DDF71 /* Release */ = {
			isa = XCBuildConfiguration;
			baseConfigurationReference = 0E4198DD76ABD4E408226C97 /* Pods-FamMeTests.release.xcconfig */;
			buildSettings = {
				ALWAYS_EMBED_SWIFT_STANDARD_LIBRARIES = YES;
				BUNDLE_LOADER = "$(TEST_HOST)";
				CODE_SIGN_STYLE = Automatic;
				INFOPLIST_FILE = FamMeTests/Info.plist;
				LD_RUNPATH_SEARCH_PATHS = (
					"$(inherited)",
					"@executable_path/Frameworks",
					"@loader_path/Frameworks",
				);
				PRODUCT_BUNDLE_IDENTIFIER = nyc.c4q.nyc.FamMeTests;
				PRODUCT_NAME = "$(TARGET_NAME)";
				SWIFT_VERSION = 4.0;
				TARGETED_DEVICE_FAMILY = "1,2";
				TEST_HOST = "$(BUILT_PRODUCTS_DIR)/FamMe.app/FamMe";
			};
			name = Release;
		};
		8110B2AD21503045002DDF71 /* Debug */ = {
			isa = XCBuildConfiguration;
			baseConfigurationReference = 0D0C8DF11BCBA9BE9112A2E9 /* Pods-FamMeUITests.debug.xcconfig */;
			buildSettings = {
				ALWAYS_EMBED_SWIFT_STANDARD_LIBRARIES = YES;
				CODE_SIGN_STYLE = Automatic;
				INFOPLIST_FILE = FamMeUITests/Info.plist;
				LD_RUNPATH_SEARCH_PATHS = (
					"$(inherited)",
					"@executable_path/Frameworks",
					"@loader_path/Frameworks",
				);
				PRODUCT_BUNDLE_IDENTIFIER = nyc.c4q.nyc.FamMeUITests;
				PRODUCT_NAME = "$(TARGET_NAME)";
				SWIFT_VERSION = 4.0;
				TARGETED_DEVICE_FAMILY = "1,2";
				TEST_TARGET_NAME = FamMe;
			};
			name = Debug;
		};
		8110B2AE21503045002DDF71 /* Release */ = {
			isa = XCBuildConfiguration;
			baseConfigurationReference = 69AB103D838178E3424C6D78 /* Pods-FamMeUITests.release.xcconfig */;
			buildSettings = {
				ALWAYS_EMBED_SWIFT_STANDARD_LIBRARIES = YES;
				CODE_SIGN_STYLE = Automatic;
				INFOPLIST_FILE = FamMeUITests/Info.plist;
				LD_RUNPATH_SEARCH_PATHS = (
					"$(inherited)",
					"@executable_path/Frameworks",
					"@loader_path/Frameworks",
				);
				PRODUCT_BUNDLE_IDENTIFIER = nyc.c4q.nyc.FamMeUITests;
				PRODUCT_NAME = "$(TARGET_NAME)";
				SWIFT_VERSION = 4.0;
				TARGETED_DEVICE_FAMILY = "1,2";
				TEST_TARGET_NAME = FamMe;
			};
			name = Release;
		};
/* End XCBuildConfiguration section */

/* Begin XCConfigurationList section */
		8110B2762150303F002DDF71 /* Build configuration list for PBXProject "FamMe" */ = {
			isa = XCConfigurationList;
			buildConfigurations = (
				8110B2A421503045002DDF71 /* Debug */,
				8110B2A521503045002DDF71 /* Release */,
			);
			defaultConfigurationIsVisible = 0;
			defaultConfigurationName = Release;
		};
		8110B2A621503045002DDF71 /* Build configuration list for PBXNativeTarget "FamMe" */ = {
			isa = XCConfigurationList;
			buildConfigurations = (
				8110B2A721503045002DDF71 /* Debug */,
				8110B2A821503045002DDF71 /* Release */,
			);
			defaultConfigurationIsVisible = 0;
			defaultConfigurationName = Release;
		};
		8110B2A921503045002DDF71 /* Build configuration list for PBXNativeTarget "FamMeTests" */ = {
			isa = XCConfigurationList;
			buildConfigurations = (
				8110B2AA21503045002DDF71 /* Debug */,
				8110B2AB21503045002DDF71 /* Release */,
			);
			defaultConfigurationIsVisible = 0;
			defaultConfigurationName = Release;
		};
		8110B2AC21503045002DDF71 /* Build configuration list for PBXNativeTarget "FamMeUITests" */ = {
			isa = XCConfigurationList;
			buildConfigurations = (
				8110B2AD21503045002DDF71 /* Debug */,
				8110B2AE21503045002DDF71 /* Release */,
			);
			defaultConfigurationIsVisible = 0;
			defaultConfigurationName = Release;
		};
/* End XCConfigurationList section */

/* Begin XCVersionGroup section */
		8110B2852150303F002DDF71 /* FamMe.xcdatamodeld */ = {
			isa = XCVersionGroup;
			children = (
				8110B2862150303F002DDF71 /* FamMe.xcdatamodel */,
			);
			currentVersion = 8110B2862150303F002DDF71 /* FamMe.xcdatamodel */;
			path = FamMe.xcdatamodeld;
			sourceTree = "<group>";
			versionGroupType = wrapper.xcdatamodel;
		};
/* End XCVersionGroup section */
	};
	rootObject = 8110B2732150303F002DDF71 /* Project object */;
}
